
Microsoft Visual Studio Solution File, Format Version 12.00
# Visual Studio 15
VisualStudioVersion = 15.0.28307.1433
MinimumVisualStudioVersion = 10.0.40219.1
Project("{888888A0-9F3D-457C-B088-3A5042F75D52}") = "Youtube Downloader MP3", "Youtube Downloader MP3\Youtube Downloader MP3.pyproj", "{A6DC166B-D42E-4034-8C70-687ED733AD45}"
EndProject
Global
	GlobalSection(SolutionConfigurationPlatforms) = preSolution
		Debug|Any CPU = Debug|Any CPU
		Release|Any CPU = Release|Any CPU
	EndGlobalSection
	GlobalSection(ProjectConfigurationPlatforms) = postSolution
		{A6DC166B-D42E-4034-8C70-687ED733AD45}.Debug|Any CPU.ActiveCfg = Debug|Any CPU
		{A6DC166B-D42E-4034-8C70-687ED733AD45}.Release|Any CPU.ActiveCfg = Release|Any CPU
	EndGlobalSection
	GlobalSection(SolutionProperties) = preSolution
		HideSolutionNode = FALSE
	EndGlobalSection
	GlobalSection(ExtensibilityGlobals) = postSolution
		SolutionGuid = {12F53208-3AAB-474C-A364-3A606220D7BD}
	EndGlobalSection
EndGlobal
